
Microsoft Visual Studio Solution File, Format Version 12.00
# Visual Studio Version 17
VisualStudioVersion = 17.3.32901.215
MinimumVisualStudioVersion = 10.0.40219.1
Project("{9A19103F-16F7-4668-BE54-9A1E7A4F7556}") = "ShopService", "ShopService\ShopService.csproj", "{A173D589-0932-415D-9701-228390A5F8A1}"
EndProject
Global
	GlobalSection(SolutionConfigurationPlatforms) = preSolution
		Debug|Any CPU = Debug|Any CPU
		Release|Any CPU = Release|Any CPU
	EndGlobalSection
	GlobalSection(ProjectConfigurationPlatforms) = postSolution
		{A173D589-0932-415D-9701-228390A5F8A1}.Debug|Any CPU.ActiveCfg = Debug|Any CPU
		{A173D589-0932-415D-9701-228390A5F8A1}.Debug|Any CPU.Build.0 = Debug|Any CPU
		{A173D589-0932-415D-9701-228390A5F8A1}.Release|Any CPU.ActiveCfg = Release|Any CPU
		{A173D589-0932-415D-9701-228390A5F8A1}.Release|Any CPU.Build.0 = Release|Any CPU
	EndGlobalSection
	GlobalSection(SolutionProperties) = preSolution
		HideSolutionNode = FALSE
	EndGlobalSection
	GlobalSection(ExtensibilityGlobals) = postSolution
		SolutionGuid = {51C603FF-6B03-4F07-A2D5-8E176DB9B414}
	EndGlobalSection
EndGlobal
